
Microsoft Visual Studio Solution File, Format Version 12.00
# Visual Studio Version 17
VisualStudioVersion = 17.8.34330.188
MinimumVisualStudioVersion = 10.0.40219.1
Project("{8BC9CEB8-8B4A-11D0-8D11-00A0C91BC942}") = "Answer-01", "Answer-01\Answer-01.vcxproj", "{C5F33CAF-13C2-469C-9AC7-B05B54FB4C2A}"
EndProject
Project("{8BC9CEB8-8B4A-11D0-8D11-00A0C91BC942}") = "Answer-02", "Answer-02\Answer-02.vcxproj", "{BF75B321-9A8E-4ACD-9B18-0DBF48F769FD}"
EndProject
Project("{2150E333-8FDC-42A3-9474-1A3956D46DE8}") = "Lecture-01", "Lecture-01", "{69DCC7D8-5777-4F6B-8791-844DA6816125}"
EndProject
Project("{2150E333-8FDC-42A3-9474-1A3956D46DE8}") = "Lecture-02", "Lecture-02", "{87B0B830-0FB9-4B76-997A-DE43FEAD25A7}"
EndProject
Project("{2150E333-8FDC-42A3-9474-1A3956D46DE8}") = "Lecture-03", "Lecture-03", "{8235C9A4-0469-4993-A73C-26C0EA4F0262}"
EndProject
Project("{2150E333-8FDC-42A3-9474-1A3956D46DE8}") = "Lecture-04", "Lecture-04", "{769DA039-7C5D-4918-9E5F-95DCBE8F0DEF}"
EndProject
Project("{8BC9CEB8-8B4A-11D0-8D11-00A0C91BC942}") = "string", "string\string.vcxproj", "{8E551F65-C3E3-4638-A5C4-87BDB89CEF05}"
EndProject
Project("{8BC9CEB8-8B4A-11D0-8D11-00A0C91BC942}") = "format", "format\format.vcxproj", "{217810F2-3A52-4001-9826-3329CEE90314}"
EndProject
Project("{8BC9CEB8-8B4A-11D0-8D11-00A0C91BC942}") = "for_loop", "for_loop\for_loop.vcxproj", "{16DC662E-D47C-4650-AF1F-3308CD3A19EE}"
EndProject
Project("{8BC9CEB8-8B4A-11D0-8D11-00A0C91BC942}") = "vector", "vector\vector.vcxproj", "{DE1B400B-40F9-4BBC-B128-676DC884DA50}"
EndProject
Project("{8BC9CEB8-8B4A-11D0-8D11-00A0C91BC942}") = "iterator", "iterator\iterator.vcxproj", "{43914C95-286A-45B3-963E-5F0027800106}"
EndProject
Project("{8BC9CEB8-8B4A-11D0-8D11-00A0C91BC942}") = "class", "class\class.vcxproj", "{6A5FE368-16A1-4EA3-AD5A-D52882B9E13B}"
EndProject
Project("{8BC9CEB8-8B4A-11D0-8D11-00A0C91BC942}") = "constructor", "constructor\constructor.vcxproj", "{0B8E034F-CA8A-4A87-9005-DF607F688616}"
EndProject
Project("{8BC9CEB8-8B4A-11D0-8D11-00A0C91BC942}") = "member_function", "member_function\member_function.vcxproj", "{01C517D2-0F0D-476E-8DA7-12A5E02061B8}"
EndProject
Project("{2150E333-8FDC-42A3-9474-1A3956D46DE8}") = "Lecture-07", "Lecture-07", "{052F7205-9274-4604-B14C-B4A7ABE4F4A2}"
EndProject
Project("{8BC9CEB8-8B4A-11D0-8D11-00A0C91BC942}") = "derived_class", "derived_class\derived_class.vcxproj", "{50CAA0E9-547E-4C8A-A76E-4925B4D1A191}"
EndProject
Project("{8BC9CEB8-8B4A-11D0-8D11-00A0C91BC942}") = "virtual_function", "virtual_function\virtual_function.vcxproj", "{C0666DF2-3235-4B1C-96F3-2C698960499C}"
EndProject
Project("{2150E333-8FDC-42A3-9474-1A3956D46DE8}") = "Lecture-05", "Lecture-05", "{D70A1375-5E1C-4E7F-A861-E0E38CE002AD}"
EndProject
Project("{8BC9CEB8-8B4A-11D0-8D11-00A0C91BC942}") = "read_text", "read_text\read_text.vcxproj", "{17C78134-1C79-4662-9ED7-16C97F303693}"
EndProject
Project("{8BC9CEB8-8B4A-11D0-8D11-00A0C91BC942}") = "pointer", "pointer\pointer.vcxproj", "{74F80C4A-8974-49F8-909B-D0D3BD2661F3}"
EndProject
Project("{8BC9CEB8-8B4A-11D0-8D11-00A0C91BC942}") = "new_delete", "new_delete\new_delete.vcxproj", "{AEBB67D1-A3A6-4EC4-8FF7-381F52148870}"
EndProject
Project("{8BC9CEB8-8B4A-11D0-8D11-00A0C91BC942}") = "write_text", "write_text\write_text.vcxproj", "{91B32B30-4D26-4B32-ADA9-8D0C78BB1E90}"
EndProject
Project("{8BC9CEB8-8B4A-11D0-8D11-00A0C91BC942}") = "Answer-03", "Answer-03\Answer-03.vcxproj", "{C088EFC6-3A29-4967-9090-2AF0919D29D3}"
EndProject
Project("{8BC9CEB8-8B4A-11D0-8D11-00A0C91BC942}") = "read_text_faster", "read_text_faster\read_text_faster.vcxproj", "{6FD8F4D5-8D63-4411-B65B-3E28126535F3}"
EndProject
Project("{8BC9CEB8-8B4A-11D0-8D11-00A0C91BC942}") = "Answer-04", "Answer-04\Answer-04.vcxproj", "{52E1655B-3E6D-4F7C-A94D-AAA75F2EB9B3}"
EndProject
Project("{8BC9CEB8-8B4A-11D0-8D11-00A0C91BC942}") = "reference", "reference\reference.vcxproj", "{75896832-BCD8-4BE6-A277-CB8A331392D2}"
EndProject
Project("{2150E333-8FDC-42A3-9474-1A3956D46DE8}") = "Lecture-06", "Lecture-06", "{3BCF926A-098A-497F-9CF4-C2816C32F8C0}"
EndProject
Project("{8BC9CEB8-8B4A-11D0-8D11-00A0C91BC942}") = "dangling", "dangling\dangling.vcxproj", "{87BA05DC-3046-4293-A315-9192987396EC}"
EndProject
Project("{8BC9CEB8-8B4A-11D0-8D11-00A0C91BC942}") = "Answer-05", "Answer-05\Answer-05.vcxproj", "{29C5684A-13A2-4C31-ACD7-3E79F2A498E5}"
EndProject
Project("{8BC9CEB8-8B4A-11D0-8D11-00A0C91BC942}") = "Answer-06", "Answer-06\Answer-06.vcxproj", "{8111FF2D-0093-462D-BA56-5CD539808181}"
EndProject
Project("{8BC9CEB8-8B4A-11D0-8D11-00A0C91BC942}") = "cyclic_reference", "cyclic_reference\cyclic_reference.vcxproj", "{077637FA-16F8-4DAF-8A98-7102D4035D9C}"
EndProject
Project("{2150E333-8FDC-42A3-9474-1A3956D46DE8}") = "Lecture-08", "Lecture-08", "{53FE1945-9A6C-4C3E-BA2D-D7390DB4FE6C}"
EndProject
Project("{8BC9CEB8-8B4A-11D0-8D11-00A0C91BC942}") = "Answer-07", "Answer-07\Answer-07.vcxproj", "{3792F485-A912-4E76-B3FD-B039B91AFDDA}"
EndProject
Project("{8BC9CEB8-8B4A-11D0-8D11-00A0C91BC942}") = "utilization_of_virtual_function", "utilization_of_virtual_function\utilization_of_virtual_function.vcxproj", "{819FCD19-7E0A-4D39-A7A9-F9C76D4C8D19}"
EndProject
Project("{8BC9CEB8-8B4A-11D0-8D11-00A0C91BC942}") = "unique_ptr", "unique_ptr\unique_ptr.vcxproj", "{AEB97E54-AF10-4266-B6D2-7FD5AC2BCEC4}"
EndProject
Project("{8BC9CEB8-8B4A-11D0-8D11-00A0C91BC942}") = "shared_ptr", "shared_ptr\shared_ptr.vcxproj", "{B5317520-07FA-4765-9E3E-24BCDF32D49B}"
EndProject
Project("{2150E333-8FDC-42A3-9474-1A3956D46DE8}") = "Lecture-09", "Lecture-09", "{BC309DA1-05AD-427D-8860-E6649108A4A0}"
EndProject
Project("{8BC9CEB8-8B4A-11D0-8D11-00A0C91BC942}") = "function_template", "function_template\function_template.vcxproj", "{47346B92-89BD-4CAE-8EC3-95CE469553DD}"
EndProject
Project("{8BC9CEB8-8B4A-11D0-8D11-00A0C91BC942}") = "Answer-08", "Answer-08\Answer-08.vcxproj", "{85D8BBA6-7D4F-41D4-8378-36F595DC3D63}"
EndProject
Project("{2150E333-8FDC-42A3-9474-1A3956D46DE8}") = "Lecture-10", "Lecture-10", "{8029829A-3967-4C7E-9637-E474FD0E425C}"
EndProject
Project("{8BC9CEB8-8B4A-11D0-8D11-00A0C91BC942}") = "class_template", "class_template\class_template.vcxproj", "{E61BE273-3BB4-49C3-98FD-28BB02462876}"
EndProject
Project("{8BC9CEB8-8B4A-11D0-8D11-00A0C91BC942}") = "Answer-09", "Answer-09\Answer-09.vcxproj", "{0A98B983-FA9D-4617-8E86-C7550C6B67E0}"
EndProject
Project("{8BC9CEB8-8B4A-11D0-8D11-00A0C91BC942}") = "map", "map\map.vcxproj", "{FD400190-BADA-4D63-94F8-805667F1D3FF}"
EndProject
Project("{8BC9CEB8-8B4A-11D0-8D11-00A0C91BC942}") = "Answer-10", "Answer-10\Answer-10.vcxproj", "{29AF7F4C-96AC-4466-9CA6-90BDDD11DD9C}"
EndProject
Project("{8BC9CEB8-8B4A-11D0-8D11-00A0C91BC942}") = "map_with_any_type", "map_with_any_type\map_with_any_type.vcxproj", "{0EF38CB7-207C-4EE7-9FBF-E3574087FB73}"
EndProject
Project("{8BC9CEB8-8B4A-11D0-8D11-00A0C91BC942}") = "unordered_map", "unordered_map\unordered_map.vcxproj", "{5873F351-FC7F-4058-8647-B4C83914A63C}"
EndProject
Project("{2150E333-8FDC-42A3-9474-1A3956D46DE8}") = "Lecture-11", "Lecture-11", "{27EB253E-ADB5-4280-9376-2159447CC5DA}"
EndProject
Project("{8BC9CEB8-8B4A-11D0-8D11-00A0C91BC942}") = "hash_with_pos_and_ang", "hash_with_pos_and_ang\hash_with_pos_and_ang.vcxproj", "{7D7F00E8-8819-4400-A1C0-F3D23304D204}"
EndProject
Project("{8BC9CEB8-8B4A-11D0-8D11-00A0C91BC942}") = "Answer-11", "Answer-11\Answer-11.vcxproj", "{47AE43ED-57B6-4927-8523-B1C726CB9D4E}"
EndProject
Global
	GlobalSection(SolutionConfigurationPlatforms) = preSolution
		Debug|x64 = Debug|x64
		Debug|x86 = Debug|x86
		Release|x64 = Release|x64
		Release|x86 = Release|x86
	EndGlobalSection
	GlobalSection(ProjectConfigurationPlatforms) = postSolution
		{C5F33CAF-13C2-469C-9AC7-B05B54FB4C2A}.Debug|x64.ActiveCfg = Debug|x64
		{C5F33CAF-13C2-469C-9AC7-B05B54FB4C2A}.Debug|x64.Build.0 = Debug|x64
		{C5F33CAF-13C2-469C-9AC7-B05B54FB4C2A}.Debug|x86.ActiveCfg = Debug|Win32
		{C5F33CAF-13C2-469C-9AC7-B05B54FB4C2A}.Debug|x86.Build.0 = Debug|Win32
		{C5F33CAF-13C2-469C-9AC7-B05B54FB4C2A}.Release|x64.ActiveCfg = Release|x64
		{C5F33CAF-13C2-469C-9AC7-B05B54FB4C2A}.Release|x64.Build.0 = Release|x64
		{C5F33CAF-13C2-469C-9AC7-B05B54FB4C2A}.Release|x86.ActiveCfg = Release|Win32
		{C5F33CAF-13C2-469C-9AC7-B05B54FB4C2A}.Release|x86.Build.0 = Release|Win32
		{BF75B321-9A8E-4ACD-9B18-0DBF48F769FD}.Debug|x64.ActiveCfg = Debug|x64
		{BF75B321-9A8E-4ACD-9B18-0DBF48F769FD}.Debug|x64.Build.0 = Debug|x64
		{BF75B321-9A8E-4ACD-9B18-0DBF48F769FD}.Debug|x86.ActiveCfg = Debug|Win32
		{BF75B321-9A8E-4ACD-9B18-0DBF48F769FD}.Debug|x86.Build.0 = Debug|Win32
		{BF75B321-9A8E-4ACD-9B18-0DBF48F769FD}.Release|x64.ActiveCfg = Release|x64
		{BF75B321-9A8E-4ACD-9B18-0DBF48F769FD}.Release|x64.Build.0 = Release|x64
		{BF75B321-9A8E-4ACD-9B18-0DBF48F769FD}.Release|x86.ActiveCfg = Release|Win32
		{BF75B321-9A8E-4ACD-9B18-0DBF48F769FD}.Release|x86.Build.0 = Release|Win32
		{8E551F65-C3E3-4638-A5C4-87BDB89CEF05}.Debug|x64.ActiveCfg = Debug|x64
		{8E551F65-C3E3-4638-A5C4-87BDB89CEF05}.Debug|x64.Build.0 = Debug|x64
		{8E551F65-C3E3-4638-A5C4-87BDB89CEF05}.Debug|x86.ActiveCfg = Debug|Win32
		{8E551F65-C3E3-4638-A5C4-87BDB89CEF05}.Debug|x86.Build.0 = Debug|Win32
		{8E551F65-C3E3-4638-A5C4-87BDB89CEF05}.Release|x64.ActiveCfg = Release|x64
		{8E551F65-C3E3-4638-A5C4-87BDB89CEF05}.Release|x64.Build.0 = Release|x64
		{8E551F65-C3E3-4638-A5C4-87BDB89CEF05}.Release|x86.ActiveCfg = Release|Win32
		{8E551F65-C3E3-4638-A5C4-87BDB89CEF05}.Release|x86.Build.0 = Release|Win32
		{217810F2-3A52-4001-9826-3329CEE90314}.Debug|x64.ActiveCfg = Debug|x64
		{217810F2-3A52-4001-9826-3329CEE90314}.Debug|x64.Build.0 = Debug|x64
		{217810F2-3A52-4001-9826-3329CEE90314}.Debug|x86.ActiveCfg = Debug|Win32
		{217810F2-3A52-4001-9826-3329CEE90314}.Debug|x86.Build.0 = Debug|Win32
		{217810F2-3A52-4001-9826-3329CEE90314}.Release|x64.ActiveCfg = Release|x64
		{217810F2-3A52-4001-9826-3329CEE90314}.Release|x64.Build.0 = Release|x64
		{217810F2-3A52-4001-9826-3329CEE90314}.Release|x86.ActiveCfg = Release|Win32
		{217810F2-3A52-4001-9826-3329CEE90314}.Release|x86.Build.0 = Release|Win32
		{16DC662E-D47C-4650-AF1F-3308CD3A19EE}.Debug|x64.ActiveCfg = Debug|x64
		{16DC662E-D47C-4650-AF1F-3308CD3A19EE}.Debug|x64.Build.0 = Debug|x64
		{16DC662E-D47C-4650-AF1F-3308CD3A19EE}.Debug|x86.ActiveCfg = Debug|Win32
		{16DC662E-D47C-4650-AF1F-3308CD3A19EE}.Debug|x86.Build.0 = Debug|Win32
		{16DC662E-D47C-4650-AF1F-3308CD3A19EE}.Release|x64.ActiveCfg = Release|x64
		{16DC662E-D47C-4650-AF1F-3308CD3A19EE}.Release|x64.Build.0 = Release|x64
		{16DC662E-D47C-4650-AF1F-3308CD3A19EE}.Release|x86.ActiveCfg = Release|Win32
		{16DC662E-D47C-4650-AF1F-3308CD3A19EE}.Release|x86.Build.0 = Release|Win32
		{DE1B400B-40F9-4BBC-B128-676DC884DA50}.Debug|x64.ActiveCfg = Debug|x64
		{DE1B400B-40F9-4BBC-B128-676DC884DA50}.Debug|x64.Build.0 = Debug|x64
		{DE1B400B-40F9-4BBC-B128-676DC884DA50}.Debug|x86.ActiveCfg = Debug|Win32
		{DE1B400B-40F9-4BBC-B128-676DC884DA50}.Debug|x86.Build.0 = Debug|Win32
		{DE1B400B-40F9-4BBC-B128-676DC884DA50}.Release|x64.ActiveCfg = Release|x64
		{DE1B400B-40F9-4BBC-B128-676DC884DA50}.Release|x64.Build.0 = Release|x64
		{DE1B400B-40F9-4BBC-B128-676DC884DA50}.Release|x86.ActiveCfg = Release|Win32
		{DE1B400B-40F9-4BBC-B128-676DC884DA50}.Release|x86.Build.0 = Release|Win32
		{43914C95-286A-45B3-963E-5F0027800106}.Debug|x64.ActiveCfg = Debug|x64
		{43914C95-286A-45B3-963E-5F0027800106}.Debug|x64.Build.0 = Debug|x64
		{43914C95-286A-45B3-963E-5F0027800106}.Debug|x86.ActiveCfg = Debug|Win32
		{43914C95-286A-45B3-963E-5F0027800106}.Debug|x86.Build.0 = Debug|Win32
		{43914C95-286A-45B3-963E-5F0027800106}.Release|x64.ActiveCfg = Release|x64
		{43914C95-286A-45B3-963E-5F0027800106}.Release|x64.Build.0 = Release|x64
		{43914C95-286A-45B3-963E-5F0027800106}.Release|x86.ActiveCfg = Release|Win32
		{43914C95-286A-45B3-963E-5F0027800106}.Release|x86.Build.0 = Release|Win32
		{6A5FE368-16A1-4EA3-AD5A-D52882B9E13B}.Debug|x64.ActiveCfg = Debug|x64
		{6A5FE368-16A1-4EA3-AD5A-D52882B9E13B}.Debug|x64.Build.0 = Debug|x64
		{6A5FE368-16A1-4EA3-AD5A-D52882B9E13B}.Debug|x86.ActiveCfg = Debug|Win32
		{6A5FE368-16A1-4EA3-AD5A-D52882B9E13B}.Debug|x86.Build.0 = Debug|Win32
		{6A5FE368-16A1-4EA3-AD5A-D52882B9E13B}.Release|x64.ActiveCfg = Release|x64
		{6A5FE368-16A1-4EA3-AD5A-D52882B9E13B}.Release|x64.Build.0 = Release|x64
		{6A5FE368-16A1-4EA3-AD5A-D52882B9E13B}.Release|x86.ActiveCfg = Release|Win32
		{6A5FE368-16A1-4EA3-AD5A-D52882B9E13B}.Release|x86.Build.0 = Release|Win32
		{0B8E034F-CA8A-4A87-9005-DF607F688616}.Debug|x64.ActiveCfg = Debug|x64
		{0B8E034F-CA8A-4A87-9005-DF607F688616}.Debug|x64.Build.0 = Debug|x64
		{0B8E034F-CA8A-4A87-9005-DF607F688616}.Debug|x86.ActiveCfg = Debug|Win32
		{0B8E034F-CA8A-4A87-9005-DF607F688616}.Debug|x86.Build.0 = Debug|Win32
		{0B8E034F-CA8A-4A87-9005-DF607F688616}.Release|x64.ActiveCfg = Release|x64
		{0B8E034F-CA8A-4A87-9005-DF607F688616}.Release|x64.Build.0 = Release|x64
		{0B8E034F-CA8A-4A87-9005-DF607F688616}.Release|x86.ActiveCfg = Release|Win32
		{0B8E034F-CA8A-4A87-9005-DF607F688616}.Release|x86.Build.0 = Release|Win32
		{01C517D2-0F0D-476E-8DA7-12A5E02061B8}.Debug|x64.ActiveCfg = Debug|x64
		{01C517D2-0F0D-476E-8DA7-12A5E02061B8}.Debug|x64.Build.0 = Debug|x64
		{01C517D2-0F0D-476E-8DA7-12A5E02061B8}.Debug|x86.ActiveCfg = Debug|Win32
		{01C517D2-0F0D-476E-8DA7-12A5E02061B8}.Debug|x86.Build.0 = Debug|Win32
		{01C517D2-0F0D-476E-8DA7-12A5E02061B8}.Release|x64.ActiveCfg = Release|x64
		{01C517D2-0F0D-476E-8DA7-12A5E02061B8}.Release|x64.Build.0 = Release|x64
		{01C517D2-0F0D-476E-8DA7-12A5E02061B8}.Release|x86.ActiveCfg = Release|Win32
		{01C517D2-0F0D-476E-8DA7-12A5E02061B8}.Release|x86.Build.0 = Release|Win32
		{50CAA0E9-547E-4C8A-A76E-4925B4D1A191}.Debug|x64.ActiveCfg = Debug|x64
		{50CAA0E9-547E-4C8A-A76E-4925B4D1A191}.Debug|x64.Build.0 = Debug|x64
		{50CAA0E9-547E-4C8A-A76E-4925B4D1A191}.Debug|x86.ActiveCfg = Debug|Win32
		{50CAA0E9-547E-4C8A-A76E-4925B4D1A191}.Debug|x86.Build.0 = Debug|Win32
		{50CAA0E9-547E-4C8A-A76E-4925B4D1A191}.Release|x64.ActiveCfg = Release|x64
		{50CAA0E9-547E-4C8A-A76E-4925B4D1A191}.Release|x64.Build.0 = Release|x64
		{50CAA0E9-547E-4C8A-A76E-4925B4D1A191}.Release|x86.ActiveCfg = Release|Win32
		{50CAA0E9-547E-4C8A-A76E-4925B4D1A191}.Release|x86.Build.0 = Release|Win32
		{C0666DF2-3235-4B1C-96F3-2C698960499C}.Debug|x64.ActiveCfg = Debug|x64
		{C0666DF2-3235-4B1C-96F3-2C698960499C}.Debug|x64.Build.0 = Debug|x64
		{C0666DF2-3235-4B1C-96F3-2C698960499C}.Debug|x86.ActiveCfg = Debug|Win32
		{C0666DF2-3235-4B1C-96F3-2C698960499C}.Debug|x86.Build.0 = Debug|Win32
		{C0666DF2-3235-4B1C-96F3-2C698960499C}.Release|x64.ActiveCfg = Release|x64
		{C0666DF2-3235-4B1C-96F3-2C698960499C}.Release|x64.Build.0 = Release|x64
		{C0666DF2-3235-4B1C-96F3-2C698960499C}.Release|x86.ActiveCfg = Release|Win32
		{C0666DF2-3235-4B1C-96F3-2C698960499C}.Release|x86.Build.0 = Release|Win32
		{17C78134-1C79-4662-9ED7-16C97F303693}.Debug|x64.ActiveCfg = Debug|x64
		{17C78134-1C79-4662-9ED7-16C97F303693}.Debug|x64.Build.0 = Debug|x64
		{17C78134-1C79-4662-9ED7-16C97F303693}.Debug|x86.ActiveCfg = Debug|Win32
		{17C78134-1C79-4662-9ED7-16C97F303693}.Debug|x86.Build.0 = Debug|Win32
		{17C78134-1C79-4662-9ED7-16C97F303693}.Release|x64.ActiveCfg = Release|x64
		{17C78134-1C79-4662-9ED7-16C97F303693}.Release|x64.Build.0 = Release|x64
		{17C78134-1C79-4662-9ED7-16C97F303693}.Release|x86.ActiveCfg = Release|Win32
		{17C78134-1C79-4662-9ED7-16C97F303693}.Release|x86.Build.0 = Release|Win32
		{74F80C4A-8974-49F8-909B-D0D3BD2661F3}.Debug|x64.ActiveCfg = Debug|x64
		{74F80C4A-8974-49F8-909B-D0D3BD2661F3}.Debug|x64.Build.0 = Debug|x64
		{74F80C4A-8974-49F8-909B-D0D3BD2661F3}.Debug|x86.ActiveCfg = Debug|Win32
		{74F80C4A-8974-49F8-909B-D0D3BD2661F3}.Debug|x86.Build.0 = Debug|Win32
		{74F80C4A-8974-49F8-909B-D0D3BD2661F3}.Release|x64.ActiveCfg = Release|x64
		{74F80C4A-8974-49F8-909B-D0D3BD2661F3}.Release|x64.Build.0 = Release|x64
		{74F80C4A-8974-49F8-909B-D0D3BD2661F3}.Release|x86.ActiveCfg = Release|Win32
		{74F80C4A-8974-49F8-909B-D0D3BD2661F3}.Release|x86.Build.0 = Release|Win32
		{AEBB67D1-A3A6-4EC4-8FF7-381F52148870}.Debug|x64.ActiveCfg = Debug|x64
		{AEBB67D1-A3A6-4EC4-8FF7-381F52148870}.Debug|x64.Build.0 = Debug|x64
		{AEBB67D1-A3A6-4EC4-8FF7-381F52148870}.Debug|x86.ActiveCfg = Debug|Win32
		{AEBB67D1-A3A6-4EC4-8FF7-381F52148870}.Debug|x86.Build.0 = Debug|Win32
		{AEBB67D1-A3A6-4EC4-8FF7-381F52148870}.Release|x64.ActiveCfg = Release|x64
		{AEBB67D1-A3A6-4EC4-8FF7-381F52148870}.Release|x64.Build.0 = Release|x64
		{AEBB67D1-A3A6-4EC4-8FF7-381F52148870}.Release|x86.ActiveCfg = Release|Win32
		{AEBB67D1-A3A6-4EC4-8FF7-381F52148870}.Release|x86.Build.0 = Release|Win32
		{91B32B30-4D26-4B32-ADA9-8D0C78BB1E90}.Debug|x64.ActiveCfg = Debug|x64
		{91B32B30-4D26-4B32-ADA9-8D0C78BB1E90}.Debug|x64.Build.0 = Debug|x64
		{91B32B30-4D26-4B32-ADA9-8D0C78BB1E90}.Debug|x86.ActiveCfg = Debug|Win32
		{91B32B30-4D26-4B32-ADA9-8D0C78BB1E90}.Debug|x86.Build.0 = Debug|Win32
		{91B32B30-4D26-4B32-ADA9-8D0C78BB1E90}.Release|x64.ActiveCfg = Release|x64
		{91B32B30-4D26-4B32-ADA9-8D0C78BB1E90}.Release|x64.Build.0 = Release|x64
		{91B32B30-4D26-4B32-ADA9-8D0C78BB1E90}.Release|x86.ActiveCfg = Release|Win32
		{91B32B30-4D26-4B32-ADA9-8D0C78BB1E90}.Release|x86.Build.0 = Release|Win32
		{C088EFC6-3A29-4967-9090-2AF0919D29D3}.Debug|x64.ActiveCfg = Debug|x64
		{C088EFC6-3A29-4967-9090-2AF0919D29D3}.Debug|x64.Build.0 = Debug|x64
		{C088EFC6-3A29-4967-9090-2AF0919D29D3}.Debug|x86.ActiveCfg = Debug|Win32
		{C088EFC6-3A29-4967-9090-2AF0919D29D3}.Debug|x86.Build.0 = Debug|Win32
		{C088EFC6-3A29-4967-9090-2AF0919D29D3}.Release|x64.ActiveCfg = Release|x64
		{C088EFC6-3A29-4967-9090-2AF0919D29D3}.Release|x64.Build.0 = Release|x64
		{C088EFC6-3A29-4967-9090-2AF0919D29D3}.Release|x86.ActiveCfg = Release|Win32
		{C088EFC6-3A29-4967-9090-2AF0919D29D3}.Release|x86.Build.0 = Release|Win32
		{6FD8F4D5-8D63-4411-B65B-3E28126535F3}.Debug|x64.ActiveCfg = Debug|x64
		{6FD8F4D5-8D63-4411-B65B-3E28126535F3}.Debug|x64.Build.0 = Debug|x64
		{6FD8F4D5-8D63-4411-B65B-3E28126535F3}.Debug|x86.ActiveCfg = Debug|Win32
		{6FD8F4D5-8D63-4411-B65B-3E28126535F3}.Debug|x86.Build.0 = Debug|Win32
		{6FD8F4D5-8D63-4411-B65B-3E28126535F3}.Release|x64.ActiveCfg = Release|x64
		{6FD8F4D5-8D63-4411-B65B-3E28126535F3}.Release|x64.Build.0 = Release|x64
		{6FD8F4D5-8D63-4411-B65B-3E28126535F3}.Release|x86.ActiveCfg = Release|Win32
		{6FD8F4D5-8D63-4411-B65B-3E28126535F3}.Release|x86.Build.0 = Release|Win32
		{52E1655B-3E6D-4F7C-A94D-AAA75F2EB9B3}.Debug|x64.ActiveCfg = Debug|x64
		{52E1655B-3E6D-4F7C-A94D-AAA75F2EB9B3}.Debug|x64.Build.0 = Debug|x64
		{52E1655B-3E6D-4F7C-A94D-AAA75F2EB9B3}.Debug|x86.ActiveCfg = Debug|Win32
		{52E1655B-3E6D-4F7C-A94D-AAA75F2EB9B3}.Debug|x86.Build.0 = Debug|Win32
		{52E1655B-3E6D-4F7C-A94D-AAA75F2EB9B3}.Release|x64.ActiveCfg = Release|x64
		{52E1655B-3E6D-4F7C-A94D-AAA75F2EB9B3}.Release|x64.Build.0 = Release|x64
		{52E1655B-3E6D-4F7C-A94D-AAA75F2EB9B3}.Release|x86.ActiveCfg = Release|Win32
		{52E1655B-3E6D-4F7C-A94D-AAA75F2EB9B3}.Release|x86.Build.0 = Release|Win32
		{75896832-BCD8-4BE6-A277-CB8A331392D2}.Debug|x64.ActiveCfg = Debug|x64
		{75896832-BCD8-4BE6-A277-CB8A331392D2}.Debug|x64.Build.0 = Debug|x64
		{75896832-BCD8-4BE6-A277-CB8A331392D2}.Debug|x86.ActiveCfg = Debug|Win32
		{75896832-BCD8-4BE6-A277-CB8A331392D2}.Debug|x86.Build.0 = Debug|Win32
		{75896832-BCD8-4BE6-A277-CB8A331392D2}.Release|x64.ActiveCfg = Release|x64
		{75896832-BCD8-4BE6-A277-CB8A331392D2}.Release|x64.Build.0 = Release|x64
		{75896832-BCD8-4BE6-A277-CB8A331392D2}.Release|x86.ActiveCfg = Release|Win32
		{75896832-BCD8-4BE6-A277-CB8A331392D2}.Release|x86.Build.0 = Release|Win32
		{87BA05DC-3046-4293-A315-9192987396EC}.Debug|x64.ActiveCfg = Debug|x64
		{87BA05DC-3046-4293-A315-9192987396EC}.Debug|x64.Build.0 = Debug|x64
		{87BA05DC-3046-4293-A315-9192987396EC}.Debug|x86.ActiveCfg = Debug|Win32
		{87BA05DC-3046-4293-A315-9192987396EC}.Debug|x86.Build.0 = Debug|Win32
		{87BA05DC-3046-4293-A315-9192987396EC}.Release|x64.ActiveCfg = Release|x64
		{87BA05DC-3046-4293-A315-9192987396EC}.Release|x64.Build.0 = Release|x64
		{87BA05DC-3046-4293-A315-9192987396EC}.Release|x86.ActiveCfg = Release|Win32
		{87BA05DC-3046-4293-A315-9192987396EC}.Release|x86.Build.0 = Release|Win32
		{29C5684A-13A2-4C31-ACD7-3E79F2A498E5}.Debug|x64.ActiveCfg = Debug|x64
		{29C5684A-13A2-4C31-ACD7-3E79F2A498E5}.Debug|x64.Build.0 = Debug|x64
		{29C5684A-13A2-4C31-ACD7-3E79F2A498E5}.Debug|x86.ActiveCfg = Debug|Win32
		{29C5684A-13A2-4C31-ACD7-3E79F2A498E5}.Debug|x86.Build.0 = Debug|Win32
		{29C5684A-13A2-4C31-ACD7-3E79F2A498E5}.Release|x64.ActiveCfg = Release|x64
		{29C5684A-13A2-4C31-ACD7-3E79F2A498E5}.Release|x64.Build.0 = Release|x64
		{29C5684A-13A2-4C31-ACD7-3E79F2A498E5}.Release|x86.ActiveCfg = Release|Win32
		{29C5684A-13A2-4C31-ACD7-3E79F2A498E5}.Release|x86.Build.0 = Release|Win32
		{8111FF2D-0093-462D-BA56-5CD539808181}.Debug|x64.ActiveCfg = Debug|x64
		{8111FF2D-0093-462D-BA56-5CD539808181}.Debug|x64.Build.0 = Debug|x64
		{8111FF2D-0093-462D-BA56-5CD539808181}.Debug|x86.ActiveCfg = Debug|Win32
		{8111FF2D-0093-462D-BA56-5CD539808181}.Debug|x86.Build.0 = Debug|Win32
		{8111FF2D-0093-462D-BA56-5CD539808181}.Release|x64.ActiveCfg = Release|x64
		{8111FF2D-0093-462D-BA56-5CD539808181}.Release|x64.Build.0 = Release|x64
		{8111FF2D-0093-462D-BA56-5CD539808181}.Release|x86.ActiveCfg = Release|Win32
		{8111FF2D-0093-462D-BA56-5CD539808181}.Release|x86.Build.0 = Release|Win32
		{077637FA-16F8-4DAF-8A98-7102D4035D9C}.Debug|x64.ActiveCfg = Debug|x64
		{077637FA-16F8-4DAF-8A98-7102D4035D9C}.Debug|x64.Build.0 = Debug|x64
		{077637FA-16F8-4DAF-8A98-7102D4035D9C}.Debug|x86.ActiveCfg = Debug|Win32
		{077637FA-16F8-4DAF-8A98-7102D4035D9C}.Debug|x86.Build.0 = Debug|Win32
		{077637FA-16F8-4DAF-8A98-7102D4035D9C}.Release|x64.ActiveCfg = Release|x64
		{077637FA-16F8-4DAF-8A98-7102D4035D9C}.Release|x64.Build.0 = Release|x64
		{077637FA-16F8-4DAF-8A98-7102D4035D9C}.Release|x86.ActiveCfg = Release|Win32
		{077637FA-16F8-4DAF-8A98-7102D4035D9C}.Release|x86.Build.0 = Release|Win32
		{3792F485-A912-4E76-B3FD-B039B91AFDDA}.Debug|x64.ActiveCfg = Debug|x64
		{3792F485-A912-4E76-B3FD-B039B91AFDDA}.Debug|x64.Build.0 = Debug|x64
		{3792F485-A912-4E76-B3FD-B039B91AFDDA}.Debug|x86.ActiveCfg = Debug|Win32
		{3792F485-A912-4E76-B3FD-B039B91AFDDA}.Debug|x86.Build.0 = Debug|Win32
		{3792F485-A912-4E76-B3FD-B039B91AFDDA}.Release|x64.ActiveCfg = Release|x64
		{3792F485-A912-4E76-B3FD-B039B91AFDDA}.Release|x64.Build.0 = Release|x64
		{3792F485-A912-4E76-B3FD-B039B91AFDDA}.Release|x86.ActiveCfg = Release|Win32
		{3792F485-A912-4E76-B3FD-B039B91AFDDA}.Release|x86.Build.0 = Release|Win32
		{819FCD19-7E0A-4D39-A7A9-F9C76D4C8D19}.Debug|x64.ActiveCfg = Debug|x64
		{819FCD19-7E0A-4D39-A7A9-F9C76D4C8D19}.Debug|x64.Build.0 = Debug|x64
		{819FCD19-7E0A-4D39-A7A9-F9C76D4C8D19}.Debug|x86.ActiveCfg = Debug|Win32
		{819FCD19-7E0A-4D39-A7A9-F9C76D4C8D19}.Debug|x86.Build.0 = Debug|Win32
		{819FCD19-7E0A-4D39-A7A9-F9C76D4C8D19}.Release|x64.ActiveCfg = Release|x64
		{819FCD19-7E0A-4D39-A7A9-F9C76D4C8D19}.Release|x64.Build.0 = Release|x64
		{819FCD19-7E0A-4D39-A7A9-F9C76D4C8D19}.Release|x86.ActiveCfg = Release|Win32
		{819FCD19-7E0A-4D39-A7A9-F9C76D4C8D19}.Release|x86.Build.0 = Release|Win32
		{AEB97E54-AF10-4266-B6D2-7FD5AC2BCEC4}.Debug|x64.ActiveCfg = Debug|x64
		{AEB97E54-AF10-4266-B6D2-7FD5AC2BCEC4}.Debug|x64.Build.0 = Debug|x64
		{AEB97E54-AF10-4266-B6D2-7FD5AC2BCEC4}.Debug|x86.ActiveCfg = Debug|Win32
		{AEB97E54-AF10-4266-B6D2-7FD5AC2BCEC4}.Debug|x86.Build.0 = Debug|Win32
		{AEB97E54-AF10-4266-B6D2-7FD5AC2BCEC4}.Release|x64.ActiveCfg = Release|x64
		{AEB97E54-AF10-4266-B6D2-7FD5AC2BCEC4}.Release|x64.Build.0 = Release|x64
		{AEB97E54-AF10-4266-B6D2-7FD5AC2BCEC4}.Release|x86.ActiveCfg = Release|Win32
		{AEB97E54-AF10-4266-B6D2-7FD5AC2BCEC4}.Release|x86.Build.0 = Release|Win32
		{B5317520-07FA-4765-9E3E-24BCDF32D49B}.Debug|x64.ActiveCfg = Debug|x64
		{B5317520-07FA-4765-9E3E-24BCDF32D49B}.Debug|x64.Build.0 = Debug|x64
		{B5317520-07FA-4765-9E3E-24BCDF32D49B}.Debug|x86.ActiveCfg = Debug|Win32
		{B5317520-07FA-4765-9E3E-24BCDF32D49B}.Debug|x86.Build.0 = Debug|Win32
		{B5317520-07FA-4765-9E3E-24BCDF32D49B}.Release|x64.ActiveCfg = Release|x64
		{B5317520-07FA-4765-9E3E-24BCDF32D49B}.Release|x64.Build.0 = Release|x64
		{B5317520-07FA-4765-9E3E-24BCDF32D49B}.Release|x86.ActiveCfg = Release|Win32
		{B5317520-07FA-4765-9E3E-24BCDF32D49B}.Release|x86.Build.0 = Release|Win32
		{47346B92-89BD-4CAE-8EC3-95CE469553DD}.Debug|x64.ActiveCfg = Debug|x64
		{47346B92-89BD-4CAE-8EC3-95CE469553DD}.Debug|x64.Build.0 = Debug|x64
		{47346B92-89BD-4CAE-8EC3-95CE469553DD}.Debug|x86.ActiveCfg = Debug|Win32
		{47346B92-89BD-4CAE-8EC3-95CE469553DD}.Debug|x86.Build.0 = Debug|Win32
		{47346B92-89BD-4CAE-8EC3-95CE469553DD}.Release|x64.ActiveCfg = Release|x64
		{47346B92-89BD-4CAE-8EC3-95CE469553DD}.Release|x64.Build.0 = Release|x64
		{47346B92-89BD-4CAE-8EC3-95CE469553DD}.Release|x86.ActiveCfg = Release|Win32
		{47346B92-89BD-4CAE-8EC3-95CE469553DD}.Release|x86.Build.0 = Release|Win32
		{85D8BBA6-7D4F-41D4-8378-36F595DC3D63}.Debug|x64.ActiveCfg = Debug|x64
		{85D8BBA6-7D4F-41D4-8378-36F595DC3D63}.Debug|x64.Build.0 = Debug|x64
		{85D8BBA6-7D4F-41D4-8378-36F595DC3D63}.Debug|x86.ActiveCfg = Debug|Win32
		{85D8BBA6-7D4F-41D4-8378-36F595DC3D63}.Debug|x86.Build.0 = Debug|Win32
		{85D8BBA6-7D4F-41D4-8378-36F595DC3D63}.Release|x64.ActiveCfg = Release|x64
		{85D8BBA6-7D4F-41D4-8378-36F595DC3D63}.Release|x64.Build.0 = Release|x64
		{85D8BBA6-7D4F-41D4-8378-36F595DC3D63}.Release|x86.ActiveCfg = Release|Win32
		{85D8BBA6-7D4F-41D4-8378-36F595DC3D63}.Release|x86.Build.0 = Release|Win32
		{E61BE273-3BB4-49C3-98FD-28BB02462876}.Debug|x64.ActiveCfg = Debug|x64
		{E61BE273-3BB4-49C3-98FD-28BB02462876}.Debug|x64.Build.0 = Debug|x64
		{E61BE273-3BB4-49C3-98FD-28BB02462876}.Debug|x86.ActiveCfg = Debug|Win32
		{E61BE273-3BB4-49C3-98FD-28BB02462876}.Debug|x86.Build.0 = Debug|Win32
		{E61BE273-3BB4-49C3-98FD-28BB02462876}.Release|x64.ActiveCfg = Release|x64
		{E61BE273-3BB4-49C3-98FD-28BB02462876}.Release|x64.Build.0 = Release|x64
		{E61BE273-3BB4-49C3-98FD-28BB02462876}.Release|x86.ActiveCfg = Release|Win32
		{E61BE273-3BB4-49C3-98FD-28BB02462876}.Release|x86.Build.0 = Release|Win32
		{0A98B983-FA9D-4617-8E86-C7550C6B67E0}.Debug|x64.ActiveCfg = Debug|x64
		{0A98B983-FA9D-4617-8E86-C7550C6B67E0}.Debug|x64.Build.0 = Debug|x64
		{0A98B983-FA9D-4617-8E86-C7550C6B67E0}.Debug|x86.ActiveCfg = Debug|Win32
		{0A98B983-FA9D-4617-8E86-C7550C6B67E0}.Debug|x86.Build.0 = Debug|Win32
		{0A98B983-FA9D-4617-8E86-C7550C6B67E0}.Release|x64.ActiveCfg = Release|x64
		{0A98B983-FA9D-4617-8E86-C7550C6B67E0}.Release|x64.Build.0 = Release|x64
		{0A98B983-FA9D-4617-8E86-C7550C6B67E0}.Release|x86.ActiveCfg = Release|Win32
		{0A98B983-FA9D-4617-8E86-C7550C6B67E0}.Release|x86.Build.0 = Release|Win32
		{FD400190-BADA-4D63-94F8-805667F1D3FF}.Debug|x64.ActiveCfg = Debug|x64
		{FD400190-BADA-4D63-94F8-805667F1D3FF}.Debug|x64.Build.0 = Debug|x64
		{FD400190-BADA-4D63-94F8-805667F1D3FF}.Debug|x86.ActiveCfg = Debug|Win32
		{FD400190-BADA-4D63-94F8-805667F1D3FF}.Debug|x86.Build.0 = Debug|Win32
		{FD400190-BADA-4D63-94F8-805667F1D3FF}.Release|x64.ActiveCfg = Release|x64
		{FD400190-BADA-4D63-94F8-805667F1D3FF}.Release|x64.Build.0 = Release|x64
		{FD400190-BADA-4D63-94F8-805667F1D3FF}.Release|x86.ActiveCfg = Release|Win32
		{FD400190-BADA-4D63-94F8-805667F1D3FF}.Release|x86.Build.0 = Release|Win32
		{29AF7F4C-96AC-4466-9CA6-90BDDD11DD9C}.Debug|x64.ActiveCfg = Debug|x64
		{29AF7F4C-96AC-4466-9CA6-90BDDD11DD9C}.Debug|x64.Build.0 = Debug|x64
		{29AF7F4C-96AC-4466-9CA6-90BDDD11DD9C}.Debug|x86.ActiveCfg = Debug|Win32
		{29AF7F4C-96AC-4466-9CA6-90BDDD11DD9C}.Debug|x86.Build.0 = Debug|Win32
		{29AF7F4C-96AC-4466-9CA6-90BDDD11DD9C}.Release|x64.ActiveCfg = Release|x64
		{29AF7F4C-96AC-4466-9CA6-90BDDD11DD9C}.Release|x64.Build.0 = Release|x64
		{29AF7F4C-96AC-4466-9CA6-90BDDD11DD9C}.Release|x86.ActiveCfg = Release|Win32
		{29AF7F4C-96AC-4466-9CA6-90BDDD11DD9C}.Release|x86.Build.0 = Release|Win32
		{0EF38CB7-207C-4EE7-9FBF-E3574087FB73}.Debug|x64.ActiveCfg = Debug|x64
		{0EF38CB7-207C-4EE7-9FBF-E3574087FB73}.Debug|x64.Build.0 = Debug|x64
		{0EF38CB7-207C-4EE7-9FBF-E3574087FB73}.Debug|x86.ActiveCfg = Debug|Win32
		{0EF38CB7-207C-4EE7-9FBF-E3574087FB73}.Debug|x86.Build.0 = Debug|Win32
		{0EF38CB7-207C-4EE7-9FBF-E3574087FB73}.Release|x64.ActiveCfg = Release|x64
		{0EF38CB7-207C-4EE7-9FBF-E3574087FB73}.Release|x64.Build.0 = Release|x64
		{0EF38CB7-207C-4EE7-9FBF-E3574087FB73}.Release|x86.ActiveCfg = Release|Win32
		{0EF38CB7-207C-4EE7-9FBF-E3574087FB73}.Release|x86.Build.0 = Release|Win32
		{5873F351-FC7F-4058-8647-B4C83914A63C}.Debug|x64.ActiveCfg = Debug|x64
		{5873F351-FC7F-4058-8647-B4C83914A63C}.Debug|x64.Build.0 = Debug|x64
		{5873F351-FC7F-4058-8647-B4C83914A63C}.Debug|x86.ActiveCfg = Debug|Win32
		{5873F351-FC7F-4058-8647-B4C83914A63C}.Debug|x86.Build.0 = Debug|Win32
		{5873F351-FC7F-4058-8647-B4C83914A63C}.Release|x64.ActiveCfg = Release|x64
		{5873F351-FC7F-4058-8647-B4C83914A63C}.Release|x64.Build.0 = Release|x64
		{5873F351-FC7F-4058-8647-B4C83914A63C}.Release|x86.ActiveCfg = Release|Win32
		{5873F351-FC7F-4058-8647-B4C83914A63C}.Release|x86.Build.0 = Release|Win32
		{7D7F00E8-8819-4400-A1C0-F3D23304D204}.Debug|x64.ActiveCfg = Debug|x64
		{7D7F00E8-8819-4400-A1C0-F3D23304D204}.Debug|x64.Build.0 = Debug|x64
		{7D7F00E8-8819-4400-A1C0-F3D23304D204}.Debug|x86.ActiveCfg = Debug|Win32
		{7D7F00E8-8819-4400-A1C0-F3D23304D204}.Debug|x86.Build.0 = Debug|Win32
		{7D7F00E8-8819-4400-A1C0-F3D23304D204}.Release|x64.ActiveCfg = Release|x64
		{7D7F00E8-8819-4400-A1C0-F3D23304D204}.Release|x64.Build.0 = Release|x64
		{7D7F00E8-8819-4400-A1C0-F3D23304D204}.Release|x86.ActiveCfg = Release|Win32
		{7D7F00E8-8819-4400-A1C0-F3D23304D204}.Release|x86.Build.0 = Release|Win32
		{47AE43ED-57B6-4927-8523-B1C726CB9D4E}.Debug|x64.ActiveCfg = Debug|x64
		{47AE43ED-57B6-4927-8523-B1C726CB9D4E}.Debug|x64.Build.0 = Debug|x64
		{47AE43ED-57B6-4927-8523-B1C726CB9D4E}.Debug|x86.ActiveCfg = Debug|Win32
		{47AE43ED-57B6-4927-8523-B1C726CB9D4E}.Debug|x86.Build.0 = Debug|Win32
		{47AE43ED-57B6-4927-8523-B1C726CB9D4E}.Release|x64.ActiveCfg = Release|x64
		{47AE43ED-57B6-4927-8523-B1C726CB9D4E}.Release|x64.Build.0 = Release|x64
		{47AE43ED-57B6-4927-8523-B1C726CB9D4E}.Release|x86.ActiveCfg = Release|Win32
		{47AE43ED-57B6-4927-8523-B1C726CB9D4E}.Release|x86.Build.0 = Release|Win32
	EndGlobalSection
	GlobalSection(SolutionProperties) = preSolution
		HideSolutionNode = FALSE
	EndGlobalSection
	GlobalSection(NestedProjects) = preSolution
		{C5F33CAF-13C2-469C-9AC7-B05B54FB4C2A} = {69DCC7D8-5777-4F6B-8791-844DA6816125}
		{BF75B321-9A8E-4ACD-9B18-0DBF48F769FD} = {87B0B830-0FB9-4B76-997A-DE43FEAD25A7}
		{8E551F65-C3E3-4638-A5C4-87BDB89CEF05} = {69DCC7D8-5777-4F6B-8791-844DA6816125}
		{217810F2-3A52-4001-9826-3329CEE90314} = {69DCC7D8-5777-4F6B-8791-844DA6816125}
		{16DC662E-D47C-4650-AF1F-3308CD3A19EE} = {87B0B830-0FB9-4B76-997A-DE43FEAD25A7}
		{DE1B400B-40F9-4BBC-B128-676DC884DA50} = {87B0B830-0FB9-4B76-997A-DE43FEAD25A7}
		{43914C95-286A-45B3-963E-5F0027800106} = {87B0B830-0FB9-4B76-997A-DE43FEAD25A7}
		{6A5FE368-16A1-4EA3-AD5A-D52882B9E13B} = {8235C9A4-0469-4993-A73C-26C0EA4F0262}
		{0B8E034F-CA8A-4A87-9005-DF607F688616} = {8235C9A4-0469-4993-A73C-26C0EA4F0262}
		{01C517D2-0F0D-476E-8DA7-12A5E02061B8} = {8235C9A4-0469-4993-A73C-26C0EA4F0262}
		{50CAA0E9-547E-4C8A-A76E-4925B4D1A191} = {53FE1945-9A6C-4C3E-BA2D-D7390DB4FE6C}
		{C0666DF2-3235-4B1C-96F3-2C698960499C} = {53FE1945-9A6C-4C3E-BA2D-D7390DB4FE6C}
		{17C78134-1C79-4662-9ED7-16C97F303693} = {769DA039-7C5D-4918-9E5F-95DCBE8F0DEF}
		{74F80C4A-8974-49F8-909B-D0D3BD2661F3} = {D70A1375-5E1C-4E7F-A861-E0E38CE002AD}
		{AEBB67D1-A3A6-4EC4-8FF7-381F52148870} = {3BCF926A-098A-497F-9CF4-C2816C32F8C0}
		{91B32B30-4D26-4B32-ADA9-8D0C78BB1E90} = {769DA039-7C5D-4918-9E5F-95DCBE8F0DEF}
		{C088EFC6-3A29-4967-9090-2AF0919D29D3} = {8235C9A4-0469-4993-A73C-26C0EA4F0262}
		{6FD8F4D5-8D63-4411-B65B-3E28126535F3} = {769DA039-7C5D-4918-9E5F-95DCBE8F0DEF}
		{52E1655B-3E6D-4F7C-A94D-AAA75F2EB9B3} = {769DA039-7C5D-4918-9E5F-95DCBE8F0DEF}
		{75896832-BCD8-4BE6-A277-CB8A331392D2} = {D70A1375-5E1C-4E7F-A861-E0E38CE002AD}
		{87BA05DC-3046-4293-A315-9192987396EC} = {D70A1375-5E1C-4E7F-A861-E0E38CE002AD}
		{29C5684A-13A2-4C31-ACD7-3E79F2A498E5} = {D70A1375-5E1C-4E7F-A861-E0E38CE002AD}
		{8111FF2D-0093-462D-BA56-5CD539808181} = {3BCF926A-098A-497F-9CF4-C2816C32F8C0}
		{077637FA-16F8-4DAF-8A98-7102D4035D9C} = {052F7205-9274-4604-B14C-B4A7ABE4F4A2}
		{3792F485-A912-4E76-B3FD-B039B91AFDDA} = {052F7205-9274-4604-B14C-B4A7ABE4F4A2}
		{819FCD19-7E0A-4D39-A7A9-F9C76D4C8D19} = {53FE1945-9A6C-4C3E-BA2D-D7390DB4FE6C}
		{AEB97E54-AF10-4266-B6D2-7FD5AC2BCEC4} = {052F7205-9274-4604-B14C-B4A7ABE4F4A2}
		{B5317520-07FA-4765-9E3E-24BCDF32D49B} = {052F7205-9274-4604-B14C-B4A7ABE4F4A2}
		{47346B92-89BD-4CAE-8EC3-95CE469553DD} = {BC309DA1-05AD-427D-8860-E6649108A4A0}
		{85D8BBA6-7D4F-41D4-8378-36F595DC3D63} = {53FE1945-9A6C-4C3E-BA2D-D7390DB4FE6C}
		{E61BE273-3BB4-49C3-98FD-28BB02462876} = {BC309DA1-05AD-427D-8860-E6649108A4A0}
		{0A98B983-FA9D-4617-8E86-C7550C6B67E0} = {BC309DA1-05AD-427D-8860-E6649108A4A0}
		{FD400190-BADA-4D63-94F8-805667F1D3FF} = {8029829A-3967-4C7E-9637-E474FD0E425C}
		{29AF7F4C-96AC-4466-9CA6-90BDDD11DD9C} = {8029829A-3967-4C7E-9637-E474FD0E425C}
		{0EF38CB7-207C-4EE7-9FBF-E3574087FB73} = {8029829A-3967-4C7E-9637-E474FD0E425C}
		{5873F351-FC7F-4058-8647-B4C83914A63C} = {8029829A-3967-4C7E-9637-E474FD0E425C}
		{7D7F00E8-8819-4400-A1C0-F3D23304D204} = {27EB253E-ADB5-4280-9376-2159447CC5DA}
		{47AE43ED-57B6-4927-8523-B1C726CB9D4E} = {27EB253E-ADB5-4280-9376-2159447CC5DA}
	EndGlobalSection
	GlobalSection(ExtensibilityGlobals) = postSolution
		SolutionGuid = {D95497B9-49FC-46FE-A8FA-03030E4B2CA4}
	EndGlobalSection
EndGlobal
